PODS:
  - Alamofire (4.8.0)
  - Locksmith (4.0.0)
  - Macaw (0.9.2):
    - SWXMLHash
  - Moya (11.0.2):
    - Moya/Core (= 11.0.2)
  - Moya/Core (11.0.2):
    - Alamofire (~> 4.1)
    - Result (~> 3.0)
  - ObjectMapper (3.3.0)
  - ReactiveCocoa (7.2.0):
    - ReactiveSwift (~> 3.1)
  - ReactiveSwift (3.1.0):
    - Result (~> 3.2)
  - Result (3.2.4)
  - SalemoveSDK (0.7.25):
    - Locksmith (= 4.0.0)
    - Macaw (= 0.9.2)
    - Moya (= 11.0.2)
    - ObjectMapper (= 3.3.0)
    - ReactiveSwift (= 3.1.0)
    - Socket.IO-Client-Swift (= 9.0.1)
    - SwiftPhoenixClient (= 0.9.1)
    - SwiftyBeaver (= 1.4.2)
    - WebRTC (= 63.11.20455)
  - Socket.IO-Client-Swift (9.0.1)
  - Starscream (3.0.5)
  - SwiftPhoenixClient (0.9.1):
    - Starscream (~> 3.0.5)
  - SwiftyBeaver (1.4.2)
  - SWXMLHash (4.7.5)
  - WebRTC (63.11.20455)

DEPENDENCIES:
  - Macaw (= 0.9.2)
  - ReactiveCocoa (= 7.2.0)
  - SalemoveSDK (from `../`)
  - Socket.IO-Client-Swift (from `https://github.com/socketio/socket.io-client-swift`, branch `1.0-swift4`)
  - Starscream (= 3.0.5)
  - SwiftyBeaver (= 1.4.2)

SPEC REPOS:
  https://github.com/cocoapods/specs.git:
    - Alamofire
    - Locksmith
    - Macaw
    - Moya
    - ObjectMapper
    - ReactiveCocoa
    - ReactiveSwift
    - Result
    - Starscream
    - SwiftPhoenixClient
    - SwiftyBeaver
    - SWXMLHash
    - WebRTC

EXTERNAL SOURCES:
  SalemoveSDK:
    :path: "../"
  Socket.IO-Client-Swift:
    :branch: 1.0-swift4
    :git: https://github.com/socketio/socket.io-client-swift

CHECKOUT OPTIONS:
  Socket.IO-Client-Swift:
    :commit: 9b44bfb754758a26c4187c46f2710c9707a552f2
    :git: https://github.com/socketio/socket.io-client-swift

SPEC CHECKSUMS:
  Alamofire: 3ec537f71edc9804815215393ae2b1a8ea33a844
  Locksmith: e9bebbaaa4cee3c511bc358a44f843c3fe00e21f
  Macaw: 6db42cb10c1e018ee940a906b42a1ead5557e080
  Moya: a725035953bc1c0eb1be505ab903984501d82440
  ObjectMapper: b612bf8c8e99c4dc0bb6013a51f7c27966ed5da9
  ReactiveCocoa: 476dae7ca790f40d30d186a1bd7ebae4290395d5
  ReactiveSwift: 5b26d2e988fe0eed2daf48c4054d1de74db50184
  Result: d2d07204ce72856f1fd9130bbe42c35a7b0fea10
  SalemoveSDK: d4a7dcb29156d60c32e7036f2523c5f48d92fc22
  Socket.IO-Client-Swift: db3f384c2b9ebae245fbc003baae4e17e441faa3
  Starscream: faf918b2f2eff7d5dd21180646bf015a669673bd
  SwiftPhoenixClient: 5661c8075eca7cbc5cfa0b3b54cbd9534cd4418a
  SwiftyBeaver: 91057725648ee4980308f1650af077d04b3654a0
  SWXMLHash: 9d29f0d9f83ad07851572421cd55a5971c368e7f
  WebRTC: f2a6203584745fe53532633397557876b5d71640

PODFILE CHECKSUM: c263d202ed7e71408161636c7c60f846a0d1c2f5

COCOAPODS: 1.5.3
