PODS:
  - Alamofire (5.0.0-rc.3)
  - glia-webrtc/bitcode (0.0.3)
  - ios-socket-client (9.1.0)
  - Locksmith (4.0.0)
  - Macaw (0.9.5):
    - SWXMLHash
  - Moya (14.0.0-beta.6):
    - Moya/Core (= 14.0.0-beta.6)
  - Moya/Core (14.0.0-beta.6):
    - Alamofire (= 5.0.0-rc.3)
  - ObjectMapper (3.5.1)
  - ReactiveCocoa (10.1.0):
    - ReactiveSwift (~> 6.1)
  - ReactiveSwift (6.1.0)
  - SalemoveSDK (0.18.0):
    - glia-webrtc/bitcode (= 0.0.3)
    - ios-socket-client (= 9.1.0)
    - Locksmith (= 4.0.0)
    - Macaw (= 0.9.5)
    - Moya (= 14.0.0-beta.6)
    - ObjectMapper (= 3.5.1)
    - ReactiveSwift (= 6.1.0)
    - SwiftPhoenixClient (= 0.9.3)
    - SwiftyBeaver (= 1.8.4)
  - Starscream (3.0.6)
  - SwiftPhoenixClient (0.9.3):
    - Starscream (~> 3.0.6)
  - SwiftyBeaver (1.8.4)
  - SWXMLHash (5.0.1)

DEPENDENCIES:
  - ReactiveCocoa (= 10.1.0)
  - SalemoveSDK (from `../`)

SPEC REPOS:
  https://github.com/CocoaPods/Specs.git:
    - Alamofire
    - glia-webrtc
    - ios-socket-client
    - Locksmith
    - Macaw
    - Moya
    - ObjectMapper
    - ReactiveCocoa
    - ReactiveSwift
    - Starscream
    - SwiftPhoenixClient
    - SwiftyBeaver
    - SWXMLHash

EXTERNAL SOURCES:
  SalemoveSDK:
    :path: "../"

SPEC CHECKSUMS:
  Alamofire: ca8c0de6906873be89d6deec5c8de279e00bf872
  glia-webrtc: a5c7e59ae752281d19734b4f918db9da39e8009d
  ios-socket-client: 52860f6a2a49d3b526a9fed6e3ed0b26b0735f4c
  Locksmith: e9bebbaaa4cee3c511bc358a44f843c3fe00e21f
  Macaw: 10bf9e327cb75f24e3225d5229a80ed544df85f0
  Moya: d4821fbcb3e784f34d2f82869e6855057a0b85d1
  ObjectMapper: 70187b8941977c62ccfb423caf6b50be405cabf0
  ReactiveCocoa: 2f1d942d79072eded6d8c3bc7c2a641d40855a56
  ReactiveSwift: b78c7259f8ca46368238c895ae33a6a3bf9f811c
  SalemoveSDK: e355c868c36197eff99fc846a3ea70df17ad64fc
  Starscream: ef3ece99d765eeccb67de105bfa143f929026cf5
  SwiftPhoenixClient: 0bcdfff24412f79e40465cdfd903b262d3a4953f
  SwiftyBeaver: f9a9aba96a6a6166e21682377804d728b0d20b95
  SWXMLHash: 9cc0c2e4807926c74377724aa8722ee5707a0485

PODFILE CHECKSUM: f1be2e5a405a4c812e71ae33c9282a63ddee89f5

COCOAPODS: 1.8.4
