// !$*UTF8*$!
{
	archiveVersion = 1;
	classes = {
	};
	objectVersion = 48;
	objects = {

/* Begin PBXBuildFile section */
		3908B8601FC45F8200FDCBA4 /* EngagementViewController.swift in Sources */ = {isa = PBXBuildFile; fileRef = 39B6BA9B1FBD80AE00AA28F7 /* EngagementViewController.swift */; };
		391BB4771FBD944500D798E4 /* AppDelegate.swift in Sources */ = {isa = PBXBuildFile; fileRef = 391BB4761FBD944500D798E4 /* AppDelegate.swift */; };
		391BB47C1FBD944500D798E4 /* Main.storyboard in Resources */ = {isa = PBXBuildFile; fileRef = 391BB47A1FBD944500D798E4 /* Main.storyboard */; };
		391BB4891FBD94CF00D798E4 /* Images.xcassets in Resources */ = {isa = PBXBuildFile; fileRef = 391BB4881FBD94CE00D798E4 /* Images.xcassets */; };
		391BB48C1FBD950A00D798E4 /* LaunchScreen.xib in Resources */ = {isa = PBXBuildFile; fileRef = 391BB48A1FBD950A00D798E4 /* LaunchScreen.xib */; };
		3979A1EF1FC5D55900872E09 /* DemoViewController.swift in Sources */ = {isa = PBXBuildFile; fileRef = 39C96AC71FBD9EA000CE11A7 /* DemoViewController.swift */; };
		39AEA1141FC2F811007FA3D6 /* StoryboardExtensions.swift in Sources */ = {isa = PBXBuildFile; fileRef = 39B6BAB11FBD80AE00AA28F7 /* StoryboardExtensions.swift */; };
		39AEA1271FC30582007FA3D6 /* Engagement.storyboard in Resources */ = {isa = PBXBuildFile; fileRef = 39B6BA8E1FBD80AD00AA28F7 /* Engagement.storyboard */; };
		39AEA12E1FC37356007FA3D6 /* ConvenienceExtensions.swift in Sources */ = {isa = PBXBuildFile; fileRef = 39AEA12D1FC37356007FA3D6 /* ConvenienceExtensions.swift */; };
		39DB074F20443313003E057D /* MediaViewController.swift in Sources */ = {isa = PBXBuildFile; fileRef = 39DB074E20443313003E057D /* MediaViewController.swift */; };
		DCCD410DFD3CA42BAD57C86A /* Pods_Example.framework in Frameworks */ = {isa = PBXBuildFile; fileRef = A938D91671DF836FD233A297 /* Pods_Example.framework */; };
/* End PBXBuildFile section */

/* Begin PBXFileReference section */
		391BB4741FBD944500D798E4 /* Example.app */ = {isa = PBXFileReference; explicitFileType = wrapper.application; includeInIndex = 0; path = Example.app; sourceTree = BUILT_PRODUCTS_DIR; };
		391BB4761FBD944500D798E4 /* AppDelegate.swift */ = {isa = PBXFileReference; lastKnownFileType = sourcecode.swift; path = AppDelegate.swift; sourceTree = "<group>"; };
		391BB47B1FBD944500D798E4 /* Base */ = {isa = PBXFileReference; lastKnownFileType = file.storyboard; name = Base; path = Base.lproj/Main.storyboard; sourceTree = "<group>"; };
		391BB4861FBD94A000D798E4 /* Example.plist */ = {isa = PBXFileReference; fileEncoding = 4; lastKnownFileType = text.plist.xml; name = Example.plist; path = "Supporting Files/Example.plist"; sourceTree = "<group>"; };
		391BB4881FBD94CE00D798E4 /* Images.xcassets */ = {isa = PBXFileReference; lastKnownFileType = folder.assetcatalog; path = Images.xcassets; sourceTree = "<group>"; };
		391BB48B1FBD950A00D798E4 /* Base */ = {isa = PBXFileReference; lastKnownFileType = file.xib; name = Base; path = Base.lproj/LaunchScreen.xib; sourceTree = "<group>"; };
		391BB48D1FBD951A00D798E4 /* Example.entitlements */ = {isa = PBXFileReference; lastKnownFileType = text.plist.entitlements; path = Example.entitlements; sourceTree = "<group>"; };
		392F0F26201A3EA6007C9B61 /* MedraRequestCommunicationEventSpec.swift */ = {isa = PBXFileReference; lastKnownFileType = sourcecode.swift; path = MedraRequestCommunicationEventSpec.swift; sourceTree = "<group>"; };
		392F0F2C201A4424007C9B61 /* MedraAcceptCommunicationEventSpec.swift */ = {isa = PBXFileReference; lastKnownFileType = sourcecode.swift; path = MedraAcceptCommunicationEventSpec.swift; sourceTree = "<group>"; };
		39AEA12D1FC37356007FA3D6 /* ConvenienceExtensions.swift */ = {isa = PBXFileReference; lastKnownFileType = sourcecode.swift; path = ConvenienceExtensions.swift; sourceTree = "<group>"; };
		39B6BA8E1FBD80AD00AA28F7 /* Engagement.storyboard */ = {isa = PBXFileReference; fileEncoding = 4; lastKnownFileType = file.storyboard; path = Engagement.storyboard; sourceTree = "<group>"; };
		39B6BA9B1FBD80AE00AA28F7 /* EngagementViewController.swift */ = {isa = PBXFileReference; fileEncoding = 4; lastKnownFileType = sourcecode.swift; path = EngagementViewController.swift; sourceTree = "<group>"; };
		39B6BAB11FBD80AE00AA28F7 /* StoryboardExtensions.swift */ = {isa = PBXFileReference; fileEncoding = 4; lastKnownFileType = sourcecode.swift; path = StoryboardExtensions.swift; sourceTree = "<group>"; };
		39B804E51FE968FD009C9643 /* EngagementRequest.swift */ = {isa = PBXFileReference; lastKnownFileType = sourcecode.swift; path = EngagementRequest.swift; sourceTree = "<group>"; };
		39C96AC71FBD9EA000CE11A7 /* DemoViewController.swift */ = {isa = PBXFileReference; fileEncoding = 4; lastKnownFileType = sourcecode.swift; path = DemoViewController.swift; sourceTree = "<group>"; };
		39CC9E811FE9645E008C16B2 /* Operator.swift */ = {isa = PBXFileReference; lastKnownFileType = sourcecode.swift; path = Operator.swift; sourceTree = "<group>"; };
		39DB074E20443313003E057D /* MediaViewController.swift */ = {isa = PBXFileReference; lastKnownFileType = sourcecode.swift; path = MediaViewController.swift; sourceTree = "<group>"; };
		A938D91671DF836FD233A297 /* Pods_Example.framework */ = {isa = PBXFileReference; explicitFileType = wrapper.framework; includeInIndex = 0; path = Pods_Example.framework; sourceTree = BUILT_PRODUCTS_DIR; };
		C0341808522E114BEBBDA6BF /* Pods-Example.debug.xcconfig */ = {isa = PBXFileReference; includeInIndex = 1; lastKnownFileType = text.xcconfig; name = "Pods-Example.debug.xcconfig"; path = "Pods/Target Support Files/Pods-Example/Pods-Example.debug.xcconfig"; sourceTree = "<group>"; };
		CE29F15F7116DA4D0EA4E68F /* Pods-Example.release.xcconfig */ = {isa = PBXFileReference; includeInIndex = 1; lastKnownFileType = text.xcconfig; name = "Pods-Example.release.xcconfig"; path = "Pods/Target Support Files/Pods-Example/Pods-Example.release.xcconfig"; sourceTree = "<group>"; };
/* End PBXFileReference section */

/* Begin PBXFrameworksBuildPhase section */
		391BB4711FBD944500D798E4 /* Frameworks */ = {
			isa = PBXFrameworksBuildPhase;
			buildActionMask = 2147483647;
			files = (
				DCCD410DFD3CA42BAD57C86A /* Pods_Example.framework in Frameworks */,
			);
			runOnlyForDeploymentPostprocessing = 0;
		};
/* End PBXFrameworksBuildPhase section */

/* Begin PBXGroup section */
		088E0DA7098CD92FF437E349 /* Frameworks */ = {
			isa = PBXGroup;
			children = (
				A938D91671DF836FD233A297 /* Pods_Example.framework */,
			);
			name = Frameworks;
			sourceTree = "<group>";
		};
		391BB4751FBD944500D798E4 /* Example */ = {
			isa = PBXGroup;
			children = (
				391BB4761FBD944500D798E4 /* AppDelegate.swift */,
				39AEA1121FC2F644007FA3D6 /* Assets */,
				391BB48D1FBD951A00D798E4 /* Example.entitlements */,
				391BB4861FBD94A000D798E4 /* Example.plist */,
				39AEA1151FC2F817007FA3D6 /* Extensions */,
				391BB4881FBD94CE00D798E4 /* Images.xcassets */,
				391BB48A1FBD950A00D798E4 /* LaunchScreen.xib */,
				39C96AC61FBD9EA000CE11A7 /* ViewControllers */,
			);
			path = Example;
			sourceTree = "<group>";
		};
		39AEA1121FC2F644007FA3D6 /* Assets */ = {
			isa = PBXGroup;
			children = (
				39B6BA8E1FBD80AD00AA28F7 /* Engagement.storyboard */,
				391BB47A1FBD944500D798E4 /* Main.storyboard */,
			);
			path = Assets;
			sourceTree = "<group>";
		};
		39AEA1151FC2F817007FA3D6 /* Extensions */ = {
			isa = PBXGroup;
			children = (
				39B6BAB11FBD80AE00AA28F7 /* StoryboardExtensions.swift */,
				39AEA12D1FC37356007FA3D6 /* ConvenienceExtensions.swift */,
			);
			path = Extensions;
			sourceTree = "<group>";
		};
		39B6BA731FBD807B00AA28F7 = {
			isa = PBXGroup;
			children = (
				391BB4751FBD944500D798E4 /* Example */,
				39B6BA7E1FBD807B00AA28F7 /* Products */,
				F0F2AC511FEC373400BE1598 /* Recovered References */,
				8B97C8ABA0D7E62908CE2CAC /* Pods */,
				088E0DA7098CD92FF437E349 /* Frameworks */,
			);
			sourceTree = "<group>";
		};
		39B6BA7E1FBD807B00AA28F7 /* Products */ = {
			isa = PBXGroup;
			children = (
				391BB4741FBD944500D798E4 /* Example.app */,
			);
			name = Products;
			sourceTree = "<group>";
		};
		39C96AC61FBD9EA000CE11A7 /* ViewControllers */ = {
			isa = PBXGroup;
			children = (
				39C96AC71FBD9EA000CE11A7 /* DemoViewController.swift */,
				39B6BA9B1FBD80AE00AA28F7 /* EngagementViewController.swift */,
				39DB074E20443313003E057D /* MediaViewController.swift */,
			);
			path = ViewControllers;
			sourceTree = "<group>";
		};
		8B97C8ABA0D7E62908CE2CAC /* Pods */ = {
			isa = PBXGroup;
			children = (
				C0341808522E114BEBBDA6BF /* Pods-Example.debug.xcconfig */,
				CE29F15F7116DA4D0EA4E68F /* Pods-Example.release.xcconfig */,
			);
			name = Pods;
			sourceTree = "<group>";
		};
		F0F2AC511FEC373400BE1598 /* Recovered References */ = {
			isa = PBXGroup;
			children = (
				39B804E51FE968FD009C9643 /* EngagementRequest.swift */,
				39CC9E811FE9645E008C16B2 /* Operator.swift */,
				392F0F2C201A4424007C9B61 /* MedraAcceptCommunicationEventSpec.swift */,
				392F0F26201A3EA6007C9B61 /* MedraRequestCommunicationEventSpec.swift */,
			);
			name = "Recovered References";
			sourceTree = "<group>";
		};
/* End PBXGroup section */

/* Begin PBXNativeTarget section */
		391BB4731FBD944500D798E4 /* Example */ = {
			isa = PBXNativeTarget;
			buildConfigurationList = 391BB4851FBD944500D798E4 /* Build configuration list for PBXNativeTarget "Example" */;
			buildPhases = (
				D427D072C8DB54CB9D83116F /* [CP] Check Pods Manifest.lock */,
				391BB4701FBD944500D798E4 /* Sources */,
				391BB4711FBD944500D798E4 /* Frameworks */,
				391BB4721FBD944500D798E4 /* Resources */,
				F8E4D7D1A742F0B7816B7F7F /* [CP] Embed Pods Frameworks */,
			);
			buildRules = (
			);
			dependencies = (
			);
			name = Example;
			productName = Example;
			productReference = 391BB4741FBD944500D798E4 /* Example.app */;
			productType = "com.apple.product-type.application";
		};
/* End PBXNativeTarget section */

/* Begin PBXProject section */
		39B6BA741FBD807B00AA28F7 /* Project object */ = {
			isa = PBXProject;
			attributes = {
				LastSwiftUpdateCheck = 0910;
				LastUpgradeCheck = 0910;
				ORGANIZATIONNAME = Salemove;
				TargetAttributes = {
					391BB4731FBD944500D798E4 = {
						CreatedOnToolsVersion = 9.1;
						ProvisioningStyle = Manual;
						SystemCapabilities = {
							com.apple.BackgroundModes = {
								enabled = 1;
							};
							com.apple.Keychain = {
								enabled = 1;
							};
							com.apple.Push = {
								enabled = 1;
							};
						};
					};
				};
			};
			buildConfigurationList = 39B6BA771FBD807B00AA28F7 /* Build configuration list for PBXProject "Example" */;
			compatibilityVersion = "Xcode 8.0";
			developmentRegion = en;
			hasScannedForEncodings = 0;
			knownRegions = (
				en,
				Base,
			);
			mainGroup = 39B6BA731FBD807B00AA28F7;
			productRefGroup = 39B6BA7E1FBD807B00AA28F7 /* Products */;
			projectDirPath = "";
			projectRoot = "";
			targets = (
				391BB4731FBD944500D798E4 /* Example */,
			);
		};
/* End PBXProject section */

/* Begin PBXResourcesBuildPhase section */
		391BB4721FBD944500D798E4 /* Resources */ = {
			isa = PBXResourcesBuildPhase;
			buildActionMask = 2147483647;
			files = (
				391BB48C1FBD950A00D798E4 /* LaunchScreen.xib in Resources */,
				391BB4891FBD94CF00D798E4 /* Images.xcassets in Resources */,
				39AEA1271FC30582007FA3D6 /* Engagement.storyboard in Resources */,
				391BB47C1FBD944500D798E4 /* Main.storyboard in Resources */,
			);
			runOnlyForDeploymentPostprocessing = 0;
		};
/* End PBXResourcesBuildPhase section */

/* Begin PBXShellScriptBuildPhase section */
		D427D072C8DB54CB9D83116F /* [CP] Check Pods Manifest.lock */ = {
			isa = PBXShellScriptBuildPhase;
			buildActionMask = 2147483647;
			files = (
			);
			inputFileListPaths = (
			);
			inputPaths = (
				"${PODS_PODFILE_DIR_PATH}/Podfile.lock",
				"${PODS_ROOT}/Manifest.lock",
			);
			name = "[CP] Check Pods Manifest.lock";
			outputFileListPaths = (
			);
			outputPaths = (
				"$(DERIVED_FILE_DIR)/Pods-Example-checkManifestLockResult.txt",
			);
			runOnlyForDeploymentPostprocessing = 0;
			shellPath = /bin/sh;
			shellScript = "diff \"${PODS_PODFILE_DIR_PATH}/Podfile.lock\" \"${PODS_ROOT}/Manifest.lock\" > /dev/null\nif [ $? != 0 ] ; then\n    # print error to STDERR\n    echo \"error: The sandbox is not in sync with the Podfile.lock. Run 'pod install' or update your CocoaPods installation.\" >&2\n    exit 1\nfi\n# This output is used by Xcode 'outputs' to avoid re-running this script phase.\necho \"SUCCESS\" > \"${SCRIPT_OUTPUT_FILE_0}\"\n";
			showEnvVarsInLog = 0;
		};
		F8E4D7D1A742F0B7816B7F7F /* [CP] Embed Pods Frameworks */ = {
			isa = PBXShellScriptBuildPhase;
			buildActionMask = 2147483647;
			files = (
			);
			inputFileListPaths = (
			);
			inputPaths = (
				"${SRCROOT}/Pods/Target Support Files/Pods-Example/Pods-Example-frameworks.sh",
				"${BUILT_PRODUCTS_DIR}/ReactiveCocoa/ReactiveCocoa.framework",
				"${BUILT_PRODUCTS_DIR}/ReactiveSwift/ReactiveSwift.framework",
				"${BUILT_PRODUCTS_DIR}/Result/Result.framework",
				"${PODS_ROOT}/../../SalemoveSDK.framework",
			);
			name = "[CP] Embed Pods Frameworks";
			outputFileListPaths = (
			);
			outputPaths = (
				"${TARGET_BUILD_DIR}/${FRAMEWORKS_FOLDER_PATH}/ReactiveCocoa.framework",
				"${TARGET_BUILD_DIR}/${FRAMEWORKS_FOLDER_PATH}/ReactiveSwift.framework",
				"${TARGET_BUILD_DIR}/${FRAMEWORKS_FOLDER_PATH}/Result.framework",
				"${TARGET_BUILD_DIR}/${FRAMEWORKS_FOLDER_PATH}/SalemoveSDK.framework",
			);
			runOnlyForDeploymentPostprocessing = 0;
			shellPath = /bin/sh;
			shellScript = "\"${SRCROOT}/Pods/Target Support Files/Pods-Example/Pods-Example-frameworks.sh\"\n";
			showEnvVarsInLog = 0;
		};
/* End PBXShellScriptBuildPhase section */

/* Begin PBXSourcesBuildPhase section */
		391BB4701FBD944500D798E4 /* Sources */ = {
			isa = PBXSourcesBuildPhase;
			buildActionMask = 2147483647;
			files = (
				3908B8601FC45F8200FDCBA4 /* EngagementViewController.swift in Sources */,
				39DB074F20443313003E057D /* MediaViewController.swift in Sources */,
				391BB4771FBD944500D798E4 /* AppDelegate.swift in Sources */,
				39AEA12E1FC37356007FA3D6 /* ConvenienceExtensions.swift in Sources */,
				3979A1EF1FC5D55900872E09 /* DemoViewController.swift in Sources */,
				39AEA1141FC2F811007FA3D6 /* StoryboardExtensions.swift in Sources */,
			);
			runOnlyForDeploymentPostprocessing = 0;
		};
/* End PBXSourcesBuildPhase section */

/* Begin PBXVariantGroup section */
		391BB47A1FBD944500D798E4 /* Main.storyboard */ = {
			isa = PBXVariantGroup;
			children = (
				391BB47B1FBD944500D798E4 /* Base */,
			);
			name = Main.storyboard;
			sourceTree = "<group>";
		};
		391BB48A1FBD950A00D798E4 /* LaunchScreen.xib */ = {
			isa = PBXVariantGroup;
			children = (
				391BB48B1FBD950A00D798E4 /* Base */,
			);
			name = LaunchScreen.xib;
			sourceTree = "<group>";
		};
/* End PBXVariantGroup section */

/* Begin XCBuildConfiguration section */
		391BB4831FBD944500D798E4 /* Debug */ = {
			isa = XCBuildConfiguration;
			baseConfigurationReference = C0341808522E114BEBBDA6BF /* Pods-Example.debug.xcconfig */;
			buildSettings = {
				ASSETCATALOG_COMPILER_APPICON_NAME = AppIcon;
				CODE_SIGN_ENTITLEMENTS = Example/Example.entitlements;
				CODE_SIGN_STYLE = Manual;
				CURRENT_PROJECT_VERSION = 41;
				DEVELOPMENT_TEAM = XR3G5NDPNH;
				ENABLE_BITCODE = NO;
				ENABLE_TESTABILITY = YES;
				FABRIC_API_KEY = 84bc04d6e6a98c87135b151f6efea634e033a7a5;
				FABRIC_BUILD_SECRET = 0f0e8cd3c6c4ae1121a8372361db1d872926e514582ce9b5ab497a1f23d4b9df;
				INFOPLIST_FILE = "Example/Supporting Files/Example.plist";
				IPHONEOS_DEPLOYMENT_TARGET = 10.0;
				LD_RUNPATH_SEARCH_PATHS = "$(inherited) @executable_path/Frameworks";
				ONLY_ACTIVE_ARCH = YES;
				PRODUCT_BUNDLE_IDENTIFIER = "org.cocoapods.demo.SalemoveSDK-Example";
				PRODUCT_NAME = "$(TARGET_NAME)";
				PROVISIONING_PROFILE = "85aad3a3-e0ba-4bec-8d39-74759aaa4593";
				PROVISIONING_PROFILE_SPECIFIER = "match Development org.cocoapods.demo.SalemoveSDK-Example";
				SWIFT_VERSION = 4.2;
				TARGETED_DEVICE_FAMILY = 1;
			};
			name = Debug;
		};
		391BB4841FBD944500D798E4 /* Release */ = {
			isa = XCBuildConfiguration;
			baseConfigurationReference = CE29F15F7116DA4D0EA4E68F /* Pods-Example.release.xcconfig */;
			buildSettings = {
				ASSETCATALOG_COMPILER_APPICON_NAME = AppIcon;
				CODE_SIGN_ENTITLEMENTS = Example/Example.entitlements;
				"CODE_SIGN_IDENTITY[sdk=iphoneos*]" = "iPhone Distribution";
				CODE_SIGN_STYLE = Manual;
				CURRENT_PROJECT_VERSION = 41;
				DEVELOPMENT_TEAM = XR3G5NDPNH;
				ENABLE_BITCODE = NO;
				FABRIC_API_KEY = 84bc04d6e6a98c87135b151f6efea634e033a7a5;
				FABRIC_BUILD_SECRET = 0f0e8cd3c6c4ae1121a8372361db1d872926e514582ce9b5ab497a1f23d4b9df;
				INFOPLIST_FILE = "Example/Supporting Files/Example.plist";
				IPHONEOS_DEPLOYMENT_TARGET = 10.0;
				LD_RUNPATH_SEARCH_PATHS = "$(inherited) @executable_path/Frameworks";
				PRODUCT_BUNDLE_IDENTIFIER = "org.cocoapods.demo.SalemoveSDK-Example";
				PRODUCT_NAME = "$(TARGET_NAME)";
				PROVISIONING_PROFILE = "1d340b70-ab39-46b7-a5d6-ebd85dba1bcb";
				PROVISIONING_PROFILE_SPECIFIER = "match AppStore org.cocoapods.demo.SalemoveSDK-Example";
				SWIFT_VERSION = 4.2;
				TARGETED_DEVICE_FAMILY = 1;
			};
			name = Release;
		};
		39B6BA831FBD807B00AA28F7 /* Debug */ = {
			isa = XCBuildConfiguration;
			buildSettings = {
				ALWAYS_SEARCH_USER_PATHS = NO;
				CLANG_ANALYZER_NONNULL = YES;
				CLANG_ANALYZER_NUMBER_OBJECT_CONVERSION = YES_AGGRESSIVE;
				CLANG_CXX_LANGUAGE_STANDARD = "gnu++14";
				CLANG_CXX_LIBRARY = "libc++";
				CLANG_ENABLE_MODULES = YES;
				CLANG_ENABLE_OBJC_ARC = YES;
				CLANG_WARN_BLOCK_CAPTURE_AUTORELEASING = YES;
				CLANG_WARN_BOOL_CONVERSION = YES;
				CLANG_WARN_COMMA = YES;
				CLANG_WARN_CONSTANT_CONVERSION = YES;
				CLANG_WARN_DIRECT_OBJC_ISA_USAGE = YES_ERROR;
				CLANG_WARN_DOCUMENTATION_COMMENTS = YES;
				CLANG_WARN_EMPTY_BODY = YES;
				CLANG_WARN_ENUM_CONVERSION = YES;
				CLANG_WARN_INFINITE_RECURSION = YES;
				CLANG_WARN_INT_CONVERSION = YES;
				CLANG_WARN_NON_LITERAL_NULL_CONVERSION = YES;
				CLANG_WARN_OBJC_LITERAL_CONVERSION = YES;
				CLANG_WARN_OBJC_ROOT_CLASS = YES_ERROR;
				CLANG_WARN_RANGE_LOOP_ANALYSIS = YES;
				CLANG_WARN_STRICT_PROTOTYPES = YES;
				CLANG_WARN_SUSPICIOUS_MOVE = YES;
				CLANG_WARN_UNGUARDED_AVAILABILITY = YES_AGGRESSIVE;
				CLANG_WARN_UNREACHABLE_CODE = YES;
				CLANG_WARN__DUPLICATE_METHOD_MATCH = YES;
				CODE_SIGN_IDENTITY = "iPhone Developer";
				COPY_PHASE_STRIP = NO;
				CURRENT_PROJECT_VERSION = 41;
				DEBUG_INFORMATION_FORMAT = dwarf;
				ENABLE_STRICT_OBJC_MSGSEND = YES;
				ENABLE_TESTABILITY = YES;
				GCC_C_LANGUAGE_STANDARD = gnu11;
				GCC_DYNAMIC_NO_PIC = NO;
				GCC_NO_COMMON_BLOCKS = YES;
				GCC_OPTIMIZATION_LEVEL = 0;
				GCC_PREPROCESSOR_DEFINITIONS = (
					"DEBUG=1",
					"$(inherited)",
				);
				GCC_WARN_64_TO_32_BIT_CONVERSION = YES;
				GCC_WARN_ABOUT_RETURN_TYPE = YES_ERROR;
				GCC_WARN_UNDECLARED_SELECTOR = YES;
				GCC_WARN_UNINITIALIZED_AUTOS = YES_AGGRESSIVE;
				GCC_WARN_UNUSED_FUNCTION = YES;
				GCC_WARN_UNUSED_VARIABLE = YES;
				IPHONEOS_DEPLOYMENT_TARGET = 11.1;
				MTL_ENABLE_DEBUG_INFO = YES;
				ONLY_ACTIVE_ARCH = YES;
				SDKROOT = iphoneos;
				SWIFT_ACTIVE_COMPILATION_CONDITIONS = DEBUG;
				SWIFT_OPTIMIZATION_LEVEL = "-Onone";
				SWIFT_VERSION = 4.2;
				VERSIONING_SYSTEM = "apple-generic";
				VERSION_INFO_PREFIX = "";
			};
			name = Debug;
		};
		39B6BA841FBD807B00AA28F7 /* Release */ = {
			isa = XCBuildConfiguration;
			buildSettings = {
				ALWAYS_SEARCH_USER_PATHS = NO;
				CLANG_ANALYZER_NONNULL = YES;
				CLANG_ANALYZER_NUMBER_OBJECT_CONVERSION = YES_AGGRESSIVE;
				CLANG_CXX_LANGUAGE_STANDARD = "gnu++14";
				CLANG_CXX_LIBRARY = "libc++";
				CLANG_ENABLE_MODULES = YES;
				CLANG_ENABLE_OBJC_ARC = YES;
				CLANG_WARN_BLOCK_CAPTURE_AUTORELEASING = YES;
				CLANG_WARN_BOOL_CONVERSION = YES;
				CLANG_WARN_COMMA = YES;
				CLANG_WARN_CONSTANT_CONVERSION = YES;
				CLANG_WARN_DIRECT_OBJC_ISA_USAGE = YES_ERROR;
				CLANG_WARN_DOCUMENTATION_COMMENTS = YES;
				CLANG_WARN_EMPTY_BODY = YES;
				CLANG_WARN_ENUM_CONVERSION = YES;
				CLANG_WARN_INFINITE_RECURSION = YES;
				CLANG_WARN_INT_CONVERSION = YES;
				CLANG_WARN_NON_LITERAL_NULL_CONVERSION = YES;
				CLANG_WARN_OBJC_LITERAL_CONVERSION = YES;
				CLANG_WARN_OBJC_ROOT_CLASS = YES_ERROR;
				CLANG_WARN_RANGE_LOOP_ANALYSIS = YES;
				CLANG_WARN_STRICT_PROTOTYPES = YES;
				CLANG_WARN_SUSPICIOUS_MOVE = YES;
				CLANG_WARN_UNGUARDED_AVAILABILITY = YES_AGGRESSIVE;
				CLANG_WARN_UNREACHABLE_CODE = YES;
				CLANG_WARN__DUPLICATE_METHOD_MATCH = YES;
				CODE_SIGN_IDENTITY = "iPhone Developer";
				COPY_PHASE_STRIP = NO;
				CURRENT_PROJECT_VERSION = 41;
				DEBUG_INFORMATION_FORMAT = "dwarf-with-dsym";
				ENABLE_NS_ASSERTIONS = NO;
				ENABLE_STRICT_OBJC_MSGSEND = YES;
				GCC_C_LANGUAGE_STANDARD = gnu11;
				GCC_NO_COMMON_BLOCKS = YES;
				GCC_WARN_64_TO_32_BIT_CONVERSION = YES;
				GCC_WARN_ABOUT_RETURN_TYPE = YES_ERROR;
				GCC_WARN_UNDECLARED_SELECTOR = YES;
				GCC_WARN_UNINITIALIZED_AUTOS = YES_AGGRESSIVE;
				GCC_WARN_UNUSED_FUNCTION = YES;
				GCC_WARN_UNUSED_VARIABLE = YES;
				IPHONEOS_DEPLOYMENT_TARGET = 11.1;
				MTL_ENABLE_DEBUG_INFO = NO;
				SDKROOT = iphoneos;
				SWIFT_OPTIMIZATION_LEVEL = "-Owholemodule";
				SWIFT_VERSION = 4.2;
				VALIDATE_PRODUCT = YES;
				VERSIONING_SYSTEM = "apple-generic";
				VERSION_INFO_PREFIX = "";
			};
			name = Release;
		};
/* End XCBuildConfiguration section */

/* Begin XCConfigurationList section */
		391BB4851FBD944500D798E4 /* Build configuration list for PBXNativeTarget "Example" */ = {
			isa = XCConfigurationList;
			buildConfigurations = (
				391BB4831FBD944500D798E4 /* Debug */,
				391BB4841FBD944500D798E4 /* Release */,
			);
			defaultConfigurationIsVisible = 0;
			defaultConfigurationName = Release;
		};
		39B6BA771FBD807B00AA28F7 /* Build configuration list for PBXProject "Example" */ = {
			isa = XCConfigurationList;
			buildConfigurations = (
				39B6BA831FBD807B00AA28F7 /* Debug */,
				39B6BA841FBD807B00AA28F7 /* Release */,
			);
			defaultConfigurationIsVisible = 0;
			defaultConfigurationName = Release;
		};
/* End XCConfigurationList section */
	};
	rootObject = 39B6BA741FBD807B00AA28F7 /* Project object */;
}
